// !$*UTF8*$!
{
	archiveVersion = 1;
	classes = {
	};
	objectVersion = 56;
	objects = {

/* Begin PBXBuildFile section */
		A7168B7329920378008DFD9C /* TPGPTApp.swift in Sources */ = {isa = PBXBuildFile; fileRef = A7168B7229920378008DFD9C /* TPGPTApp.swift */; };
		A7168B7529920378008DFD9C /* ContentView.swift in Sources */ = {isa = PBXBuildFile; fileRef = A7168B7429920378008DFD9C /* ContentView.swift */; };
		A7168B7729920379008DFD9C /* Assets.xcassets in Resources */ = {isa = PBXBuildFile; fileRef = A7168B7629920379008DFD9C /* Assets.xcassets */; };
		A7168B7B29920379008DFD9C /* Preview Assets.xcassets in Resources */ = {isa = PBXBuildFile; fileRef = A7168B7A29920379008DFD9C /* Preview Assets.xcassets */; };
		A7168B8429920EA0008DFD9C /* TPGPTManager.swift in Sources */ = {isa = PBXBuildFile; fileRef = A7168B8329920EA0008DFD9C /* TPGPTManager.swift */; };
		A7168B8629920EEB008DFD9C /* TPMessage.swift in Sources */ = {isa = PBXBuildFile; fileRef = A7168B8529920EEB008DFD9C /* TPMessage.swift */; };
		A7168B8A2992314D008DFD9C /* TPMessageCell.swift in Sources */ = {isa = PBXBuildFile; fileRef = A7168B892992314D008DFD9C /* TPMessageCell.swift */; };
		A7168B8E2994A19A008DFD9C /* TPGPTHelper.swift in Sources */ = {isa = PBXBuildFile; fileRef = A7168B8D2994A19A008DFD9C /* TPGPTHelper.swift */; };
		A7168B942994D23E008DFD9C /* TPGPTLoading.swift in Sources */ = {isa = PBXBuildFile; fileRef = A7168B932994D23E008DFD9C /* TPGPTLoading.swift */; };
		A76C6332299B369A00ED59F2 /* Highlightr in Frameworks */ = {isa = PBXBuildFile; productRef = A76C6331299B369A00ED59F2 /* Highlightr */; };
		A78DE162299F3B7200B968A2 /* TPMessageInputView.swift in Sources */ = {isa = PBXBuildFile; fileRef = A78DE161299F3B7200B968A2 /* TPMessageInputView.swift */; };
		A78DE164299F5C4F00B968A2 /* TPMessageCellViewModel.swift in Sources */ = {isa = PBXBuildFile; fileRef = A78DE163299F5C4F00B968A2 /* TPMessageCellViewModel.swift */; };
		A78DE166299F880100B968A2 /* TPMessageListView.swift in Sources */ = {isa = PBXBuildFile; fileRef = A78DE165299F880100B968A2 /* TPMessageListView.swift */; };
/* End PBXBuildFile section */

/* Begin PBXFileReference section */
		A7168B6F29920378008DFD9C /* TPChatGPT.app */ = {isa = PBXFileReference; explicitFileType = wrapper.application; includeInIndex = 0; path = TPChatGPT.app; sourceTree = BUILT_PRODUCTS_DIR; };
		A7168B7229920378008DFD9C /* TPGPTApp.swift */ = {isa = PBXFileReference; lastKnownFileType = sourcecode.swift; path = TPGPTApp.swift; sourceTree = "<group>"; };
		A7168B7429920378008DFD9C /* ContentView.swift */ = {isa = PBXFileReference; lastKnownFileType = sourcecode.swift; path = ContentView.swift; sourceTree = "<group>"; };
		A7168B7629920379008DFD9C /* Assets.xcassets */ = {isa = PBXFileReference; lastKnownFileType = folder.assetcatalog; path = Assets.xcassets; sourceTree = "<group>"; };
		A7168B7829920379008DFD9C /* TPChatGPT.entitlements */ = {isa = PBXFileReference; lastKnownFileType = text.plist.entitlements; path = TPChatGPT.entitlements; sourceTree = "<group>"; };
		A7168B7A29920379008DFD9C /* Preview Assets.xcassets */ = {isa = PBXFileReference; lastKnownFileType = folder.assetcatalog; path = "Preview Assets.xcassets"; sourceTree = "<group>"; };
		A7168B8329920EA0008DFD9C /* TPGPTManager.swift */ = {isa = PBXFileReference; lastKnownFileType = sourcecode.swift; path = TPGPTManager.swift; sourceTree = "<group>"; };
		A7168B8529920EEB008DFD9C /* TPMessage.swift */ = {isa = PBXFileReference; lastKnownFileType = sourcecode.swift; path = TPMessage.swift; sourceTree = "<group>"; };
		A7168B892992314D008DFD9C /* TPMessageCell.swift */ = {isa = PBXFileReference; lastKnownFileType = sourcecode.swift; path = TPMessageCell.swift; sourceTree = "<group>"; };
		A7168B8D2994A19A008DFD9C /* TPGPTHelper.swift */ = {isa = PBXFileReference; fileEncoding = 4; lastKnownFileType = sourcecode.swift; path = TPGPTHelper.swift; sourceTree = "<group>"; };
		A7168B932994D23E008DFD9C /* TPGPTLoading.swift */ = {isa = PBXFileReference; lastKnownFileType = sourcecode.swift; path = TPGPTLoading.swift; sourceTree = "<group>"; };
		A78DE161299F3B7200B968A2 /* TPMessageInputView.swift */ = {isa = PBXFileReference; lastKnownFileType = sourcecode.swift; path = TPMessageInputView.swift; sourceTree = "<group>"; };
		A78DE163299F5C4F00B968A2 /* TPMessageCellViewModel.swift */ = {isa = PBXFileReference; lastKnownFileType = sourcecode.swift; path = TPMessageCellViewModel.swift; sourceTree = "<group>"; };
		A78DE165299F880100B968A2 /* TPMessageListView.swift */ = {isa = PBXFileReference; lastKnownFileType = sourcecode.swift; path = TPMessageListView.swift; sourceTree = "<group>"; };
		A7A44DF4299C85EB00476192 /* Highlightr */ = {isa = PBXFileReference; lastKnownFileType = wrapper; name = Highlightr; path = TPChatGPT/Packages/Highlightr; sourceTree = "<group>"; };
/* End PBXFileReference section */

/* Begin PBXFrameworksBuildPhase section */
		A7168B6C29920378008DFD9C /* Frameworks */ = {
			isa = PBXFrameworksBuildPhase;
			buildActionMask = 2147483647;
			files = (
				A76C6332299B369A00ED59F2 /* Highlightr in Frameworks */,
			);
			runOnlyForDeploymentPostprocessing = 0;
		};
/* End PBXFrameworksBuildPhase section */

/* Begin PBXGroup section */
		A7168B6629920378008DFD9C = {
			isa = PBXGroup;
			children = (
				A7A44DF3299C85EB00476192 /* Packages */,
				A7168B7129920378008DFD9C /* TPChatGPT */,
				A7168B7029920378008DFD9C /* Products */,
			);
			sourceTree = "<group>";
		};
		A7168B7029920378008DFD9C /* Products */ = {
			isa = PBXGroup;
			children = (
				A7168B6F29920378008DFD9C /* TPChatGPT.app */,
			);
			name = Products;
			sourceTree = "<group>";
		};
		A7168B7129920378008DFD9C /* TPChatGPT */ = {
			isa = PBXGroup;
			children = (
				A7168B8D2994A19A008DFD9C /* TPGPTHelper.swift */,
				A7168B7229920378008DFD9C /* TPGPTApp.swift */,
				A7168B8329920EA0008DFD9C /* TPGPTManager.swift */,
				A7168B932994D23E008DFD9C /* TPGPTLoading.swift */,
				A7168B8529920EEB008DFD9C /* TPMessage.swift */,
				A78DE165299F880100B968A2 /* TPMessageListView.swift */,
				A7168B892992314D008DFD9C /* TPMessageCell.swift */,
				A78DE163299F5C4F00B968A2 /* TPMessageCellViewModel.swift */,
				A78DE161299F3B7200B968A2 /* TPMessageInputView.swift */,
				A7168B7429920378008DFD9C /* ContentView.swift */,
				A7168B7629920379008DFD9C /* Assets.xcassets */,
				A7168B7829920379008DFD9C /* TPChatGPT.entitlements */,
				A7168B7929920379008DFD9C /* Preview Content */,
			);
			path = TPChatGPT;
			sourceTree = "<group>";
		};
		A7168B7929920379008DFD9C /* Preview Content */ = {
			isa = PBXGroup;
			children = (
				A7168B7A29920379008DFD9C /* Preview Assets.xcassets */,
			);
			path = "Preview Content";
			sourceTree = "<group>";
		};
		A7A44DF3299C85EB00476192 /* Packages */ = {
			isa = PBXGroup;
			children = (
				A7A44DF4299C85EB00476192 /* Highlightr */,
			);
			name = Packages;
			sourceTree = "<group>";
		};
/* End PBXGroup section */

/* Begin PBXNativeTarget section */
		A7168B6E29920378008DFD9C /* TPChatGPT */ = {
			isa = PBXNativeTarget;
			buildConfigurationList = A7168B7E29920379008DFD9C /* Build configuration list for PBXNativeTarget "TPChatGPT" */;
			buildPhases = (
				A7168B6B29920378008DFD9C /* Sources */,
				A7168B6C29920378008DFD9C /* Frameworks */,
				A7168B6D29920378008DFD9C /* Resources */,
			);
			buildRules = (
			);
			dependencies = (
			);
			name = TPChatGPT;
			packageProductDependencies = (
				A76C6331299B369A00ED59F2 /* Highlightr */,
			);
			productName = TPChatGPT;
			productReference = A7168B6F29920378008DFD9C /* TPChatGPT.app */;
			productType = "com.apple.product-type.application";
		};
/* End PBXNativeTarget section */

/* Begin PBXProject section */
		A7168B6729920378008DFD9C /* Project object */ = {
			isa = PBXProject;
			attributes = {
				BuildIndependentTargetsInParallel = 1;
				LastSwiftUpdateCheck = 1400;
				LastUpgradeCheck = 1400;
				TargetAttributes = {
					A7168B6E29920378008DFD9C = {
						CreatedOnToolsVersion = 14.0.1;
					};
				};
			};
			buildConfigurationList = A7168B6A29920378008DFD9C /* Build configuration list for PBXProject "TPChatGPT" */;
			compatibilityVersion = "Xcode 14.0";
			developmentRegion = en;
			hasScannedForEncodings = 0;
			knownRegions = (
				en,
				Base,
			);
			mainGroup = A7168B6629920378008DFD9C;
			packageReferences = (
			);
			productRefGroup = A7168B7029920378008DFD9C /* Products */;
			projectDirPath = "";
			projectRoot = "";
			targets = (
				A7168B6E29920378008DFD9C /* TPChatGPT */,
			);
		};
/* End PBXProject section */

/* Begin PBXResourcesBuildPhase section */
		A7168B6D29920378008DFD9C /* Resources */ = {
			isa = PBXResourcesBuildPhase;
			buildActionMask = 2147483647;
			files = (
				A7168B7B29920379008DFD9C /* Preview Assets.xcassets in Resources */,
				A7168B7729920379008DFD9C /* Assets.xcassets in Resources */,
			);
			runOnlyForDeploymentPostprocessing = 0;
		};
/* End PBXResourcesBuildPhase section */

/* Begin PBXSourcesBuildPhase section */
		A7168B6B29920378008DFD9C /* Sources */ = {
			isa = PBXSourcesBuildPhase;
			buildActionMask = 2147483647;
			files = (
				A78DE166299F880100B968A2 /* TPMessageListView.swift in Sources */,
				A7168B8429920EA0008DFD9C /* TPGPTManager.swift in Sources */,
				A7168B8E2994A19A008DFD9C /* TPGPTHelper.swift in Sources */,
				A78DE164299F5C4F00B968A2 /* TPMessageCellViewModel.swift in Sources */,
				A7168B8A2992314D008DFD9C /* TPMessageCell.swift in Sources */,
				A7168B8629920EEB008DFD9C /* TPMessage.swift in Sources */,
				A7168B7529920378008DFD9C /* ContentView.swift in Sources */,
				A7168B942994D23E008DFD9C /* TPGPTLoading.swift in Sources */,
				A7168B7329920378008DFD9C /* TPGPTApp.swift in Sources */,
				A78DE162299F3B7200B968A2 /* TPMessageInputView.swift in Sources */,
			);
			runOnlyForDeploymentPostprocessing = 0;
		};
/* End PBXSourcesBuildPhase section */

/* Begin XCBuildConfiguration section */
		A7168B7C29920379008DFD9C /* Debug */ = {
			isa = XCBuildConfiguration;
			buildSettings = {
				ALWAYS_SEARCH_USER_PATHS = NO;
				CLANG_ANALYZER_NONNULL = YES;
				CLANG_ANALYZER_NUMBER_OBJECT_CONVERSION = YES_AGGRESSIVE;
				CLANG_CXX_LANGUAGE_STANDARD = "gnu++20";
				CLANG_ENABLE_MODULES = YES;
				CLANG_ENABLE_OBJC_ARC = YES;
				CLANG_ENABLE_OBJC_WEAK = YES;
				CLANG_WARN_BLOCK_CAPTURE_AUTORELEASING = YES;
				CLANG_WARN_BOOL_CONVERSION = YES;
				CLANG_WARN_COMMA = YES;
				CLANG_WARN_CONSTANT_CONVERSION = YES;
				CLANG_WARN_DEPRECATED_OBJC_IMPLEMENTATIONS = YES;
				CLANG_WARN_DIRECT_OBJC_ISA_USAGE = YES_ERROR;
				CLANG_WARN_DOCUMENTATION_COMMENTS = YES;
				CLANG_WARN_EMPTY_BODY = YES;
				CLANG_WARN_ENUM_CONVERSION = YES;
				CLANG_WARN_INFINITE_RECURSION = YES;
				CLANG_WARN_INT_CONVERSION = YES;
				CLANG_WARN_NON_LITERAL_NULL_CONVERSION = YES;
				CLANG_WARN_OBJC_IMPLICIT_RETAIN_SELF = YES;
				CLANG_WARN_OBJC_LITERAL_CONVERSION = YES;
				CLANG_WARN_OBJC_ROOT_CLASS = YES_ERROR;
				CLANG_WARN_QUOTED_INCLUDE_IN_FRAMEWORK_HEADER = YES;
				CLANG_WARN_RANGE_LOOP_ANALYSIS = YES;
				CLANG_WARN_STRICT_PROTOTYPES = YES;
				CLANG_WARN_SUSPICIOUS_MOVE = YES;
				CLANG_WARN_UNGUARDED_AVAILABILITY = YES_AGGRESSIVE;
				CLANG_WARN_UNREACHABLE_CODE = YES;
				CLANG_WARN__DUPLICATE_METHOD_MATCH = YES;
				COPY_PHASE_STRIP = NO;
				DEBUG_INFORMATION_FORMAT = dwarf;
				ENABLE_STRICT_OBJC_MSGSEND = YES;
				ENABLE_TESTABILITY = YES;
				GCC_C_LANGUAGE_STANDARD = gnu11;
				GCC_DYNAMIC_NO_PIC = NO;
				GCC_NO_COMMON_BLOCKS = YES;
				GCC_OPTIMIZATION_LEVEL = 0;
				GCC_PREPROCESSOR_DEFINITIONS = (
					"DEBUG=1",
					"$(inherited)",
				);
				GCC_WARN_64_TO_32_BIT_CONVERSION = YES;
				GCC_WARN_ABOUT_RETURN_TYPE = YES_ERROR;
				GCC_WARN_UNDECLARED_SELECTOR = YES;
				GCC_WARN_UNINITIALIZED_AUTOS = YES_AGGRESSIVE;
				GCC_WARN_UNUSED_FUNCTION = YES;
				GCC_WARN_UNUSED_VARIABLE = YES;
				MTL_ENABLE_DEBUG_INFO = INCLUDE_SOURCE;
				MTL_FAST_MATH = YES;
				ONLY_ACTIVE_ARCH = YES;
				SWIFT_ACTIVE_COMPILATION_CONDITIONS = DEBUG;
				SWIFT_OPTIMIZATION_LEVEL = "-Onone";
			};
			name = Debug;
		};
		A7168B7D29920379008DFD9C /* Release */ = {
			isa = XCBuildConfiguration;
			buildSettings = {
				ALWAYS_SEARCH_USER_PATHS = NO;
				CLANG_ANALYZER_NONNULL = YES;
				CLANG_ANALYZER_NUMBER_OBJECT_CONVERSION = YES_AGGRESSIVE;
				CLANG_CXX_LANGUAGE_STANDARD = "gnu++20";
				CLANG_ENABLE_MODULES = YES;
				CLANG_ENABLE_OBJC_ARC = YES;
				CLANG_ENABLE_OBJC_WEAK = YES;
				CLANG_WARN_BLOCK_CAPTURE_AUTORELEASING = YES;
				CLANG_WARN_BOOL_CONVERSION = YES;
				CLANG_WARN_COMMA = YES;
				CLANG_WARN_CONSTANT_CONVERSION = YES;
				CLANG_WARN_DEPRECATED_OBJC_IMPLEMENTATIONS = YES;
				CLANG_WARN_DIRECT_OBJC_ISA_USAGE = YES_ERROR;
				CLANG_WARN_DOCUMENTATION_COMMENTS = YES;
				CLANG_WARN_EMPTY_BODY = YES;
				CLANG_WARN_ENUM_CONVERSION = YES;
				CLANG_WARN_INFINITE_RECURSION = YES;
				CLANG_WARN_INT_CONVERSION = YES;
				CLANG_WARN_NON_LITERAL_NULL_CONVERSION = YES;
				CLANG_WARN_OBJC_IMPLICIT_RETAIN_SELF = YES;
				CLANG_WARN_OBJC_LITERAL_CONVERSION = YES;
				CLANG_WARN_OBJC_ROOT_CLASS = YES_ERROR;
				CLANG_WARN_QUOTED_INCLUDE_IN_FRAMEWORK_HEADER = YES;
				CLANG_WARN_RANGE_LOOP_ANALYSIS = YES;
				CLANG_WARN_STRICT_PROTOTYPES = YES;
				CLANG_WARN_SUSPICIOUS_MOVE = YES;
				CLANG_WARN_UNGUARDED_AVAILABILITY = YES_AGGRESSIVE;
				CLANG_WARN_UNREACHABLE_CODE = YES;
				CLANG_WARN__DUPLICATE_METHOD_MATCH = YES;
				COPY_PHASE_STRIP = NO;
				DEBUG_INFORMATION_FORMAT = "dwarf-with-dsym";
				ENABLE_NS_ASSERTIONS = NO;
				ENABLE_STRICT_OBJC_MSGSEND = YES;
				GCC_C_LANGUAGE_STANDARD = gnu11;
				GCC_NO_COMMON_BLOCKS = YES;
				GCC_WARN_64_TO_32_BIT_CONVERSION = YES;
				GCC_WARN_ABOUT_RETURN_TYPE = YES_ERROR;
				GCC_WARN_UNDECLARED_SELECTOR = YES;
				GCC_WARN_UNINITIALIZED_AUTOS = YES_AGGRESSIVE;
				GCC_WARN_UNUSED_FUNCTION = YES;
				GCC_WARN_UNUSED_VARIABLE = YES;
				MTL_ENABLE_DEBUG_INFO = NO;
				MTL_FAST_MATH = YES;
				SWIFT_COMPILATION_MODE = wholemodule;
				SWIFT_OPTIMIZATION_LEVEL = "-O";
			};
			name = Release;
		};
		A7168B7F29920379008DFD9C /* Debug */ = {
			isa = XCBuildConfiguration;
			buildSettings = {
				ASSETCATALOG_COMPILER_APPICON_NAME = AppIcon;
				ASSETCATALOG_COMPILER_GLOBAL_ACCENT_COLOR_NAME = AccentColor;
				CODE_SIGN_ENTITLEMENTS = TPChatGPT/TPChatGPT.entitlements;
				CODE_SIGN_STYLE = Automatic;
				CURRENT_PROJECT_VERSION = 1;
				DEVELOPMENT_ASSET_PATHS = "\"TPChatGPT/Preview Content\"";
				DEVELOPMENT_TEAM = D8252FJRUX;
				ENABLE_HARDENED_RUNTIME = YES;
				ENABLE_PREVIEWS = YES;
				GENERATE_INFOPLIST_FILE = YES;
				"INFOPLIST_KEY_UIApplicationSceneManifest_Generation[sdk=iphoneos*]" = YES;
				"INFOPLIST_KEY_UIApplicationSceneManifest_Generation[sdk=iphonesimulator*]" = YES;
				"INFOPLIST_KEY_UIApplicationSupportsIndirectInputEvents[sdk=iphoneos*]" = YES;
				"INFOPLIST_KEY_UIApplicationSupportsIndirectInputEvents[sdk=iphonesimulator*]" = YES;
				"INFOPLIST_KEY_UILaunchScreen_Generation[sdk=iphoneos*]" = YES;
				"INFOPLIST_KEY_UILaunchScreen_Generation[sdk=iphonesimulator*]" = YES;
				"INFOPLIST_KEY_UIStatusBarStyle[sdk=iphoneos*]" = UIStatusBarStyleDefault;
				"INFOPLIST_KEY_UIStatusBarStyle[sdk=iphonesimulator*]" = UIStatusBarStyleDefault;
				INFOPLIST_KEY_UISupportedInterfaceOrientations_iPad = "UIInterfaceOrientationPortrait UIInterfaceOrientationPortraitUpsideDown UIInterfaceOrientationLandscapeLeft UIInterfaceOrientationLandscapeRight";
				INFOPLIST_KEY_UISupportedInterfaceOrientations_iPhone = "UIInterfaceOrientationPortrait UIInterfaceOrientationLandscapeLeft UIInterfaceOrientationLandscapeRight";
				IPHONEOS_DEPLOYMENT_TARGET = 16.0;
				LD_RUNPATH_SEARCH_PATHS = "@executable_path/Frameworks";
				"LD_RUNPATH_SEARCH_PATHS[sdk=macosx*]" = "@executable_path/../Frameworks";
				MACOSX_DEPLOYMENT_TARGET = 12.3;
				MARKETING_VERSION = 1.0;
				PRODUCT_BUNDLE_IDENTIFIER = com.tp.example.TPChatGPT;
				PRODUCT_NAME = "$(TARGET_NAME)";
				SDKROOT = auto;
				SUPPORTED_PLATFORMS = "iphoneos iphonesimulator macosx";
				SWIFT_EMIT_LOC_STRINGS = YES;
				SWIFT_VERSION = 5.0;
				TARGETED_DEVICE_FAMILY = "1,2";
			};
			name = Debug;
		};
		A7168B8029920379008DFD9C /* Release */ = {
			isa = XCBuildConfiguration;
			buildSettings = {
				ASSETCATALOG_COMPILER_APPICON_NAME = AppIcon;
				ASSETCATALOG_COMPILER_GLOBAL_ACCENT_COLOR_NAME = AccentColor;
				CODE_SIGN_ENTITLEMENTS = TPChatGPT/TPChatGPT.entitlements;
				CODE_SIGN_STYLE = Automatic;
				CURRENT_PROJECT_VERSION = 1;
				DEVELOPMENT_ASSET_PATHS = "\"TPChatGPT/Preview Content\"";
				DEVELOPMENT_TEAM = D8252FJRUX;
				ENABLE_HARDENED_RUNTIME = YES;
				ENABLE_PREVIEWS = YES;
				GENERATE_INFOPLIST_FILE = YES;
				"INFOPLIST_KEY_UIApplicationSceneManifest_Generation[sdk=iphoneos*]" = YES;
				"INFOPLIST_KEY_UIApplicationSceneManifest_Generation[sdk=iphonesimulator*]" = YES;
				"INFOPLIST_KEY_UIApplicationSupportsIndirectInputEvents[sdk=iphoneos*]" = YES;
				"INFOPLIST_KEY_UIApplicationSupportsIndirectInputEvents[sdk=iphonesimulator*]" = YES;
				"INFOPLIST_KEY_UILaunchScreen_Generation[sdk=iphoneos*]" = YES;
				"INFOPLIST_KEY_UILaunchScreen_Generation[sdk=iphonesimulator*]" = YES;
				"INFOPLIST_KEY_UIStatusBarStyle[sdk=iphoneos*]" = UIStatusBarStyleDefault;
				"INFOPLIST_KEY_UIStatusBarStyle[sdk=iphonesimulator*]" = UIStatusBarStyleDefault;
				INFOPLIST_KEY_UISupportedInterfaceOrientations_iPad = "UIInterfaceOrientationPortrait UIInterfaceOrientationPortraitUpsideDown UIInterfaceOrientationLandscapeLeft UIInterfaceOrientationLandscapeRight";
				INFOPLIST_KEY_UISupportedInterfaceOrientations_iPhone = "UIInterfaceOrientationPortrait UIInterfaceOrientationLandscapeLeft UIInterfaceOrientationLandscapeRight";
				IPHONEOS_DEPLOYMENT_TARGET = 16.0;
				LD_RUNPATH_SEARCH_PATHS = "@executable_path/Frameworks";
				"LD_RUNPATH_SEARCH_PATHS[sdk=macosx*]" = "@executable_path/../Frameworks";
				MACOSX_DEPLOYMENT_TARGET = 12.3;
				MARKETING_VERSION = 1.0;
				PRODUCT_BUNDLE_IDENTIFIER = com.tp.example.TPChatGPT;
				PRODUCT_NAME = "$(TARGET_NAME)";
				SDKROOT = auto;
				SUPPORTED_PLATFORMS = "iphoneos iphonesimulator macosx";
				SWIFT_EMIT_LOC_STRINGS = YES;
				SWIFT_VERSION = 5.0;
				TARGETED_DEVICE_FAMILY = "1,2";
			};
			name = Release;
		};
/* End XCBuildConfiguration section */

/* Begin XCConfigurationList section */
		A7168B6A29920378008DFD9C /* Build configuration list for PBXProject "TPChatGPT" */ = {
			isa = XCConfigurationList;
			buildConfigurations = (
				A7168B7C29920379008DFD9C /* Debug */,
				A7168B7D29920379008DFD9C /* Release */,
			);
			defaultConfigurationIsVisible = 0;
			defaultConfigurationName = Release;
		};
		A7168B7E29920379008DFD9C /* Build configuration list for PBXNativeTarget "TPChatGPT" */ = {
			isa = XCConfigurationList;
			buildConfigurations = (
				A7168B7F29920379008DFD9C /* Debug */,
				A7168B8029920379008DFD9C /* Release */,
			);
			defaultConfigurationIsVisible = 0;
			defaultConfigurationName = Release;
		};
/* End XCConfigurationList section */

/* Begin XCSwiftPackageProductDependency section */
		A76C6331299B369A00ED59F2 /* Highlightr */ = {
			isa = XCSwiftPackageProductDependency;
			productName = Highlightr;
		};
/* End XCSwiftPackageProductDependency section */
	};
	rootObject = A7168B6729920378008DFD9C /* Project object */;
}
